
Microsoft Visual Studio Solution File, Format Version 12.00
# Visual Studio Version 17
VisualStudioVersion = 17.13.36105.23
MinimumVisualStudioVersion = 10.0.40219.1
Project("{9A19103F-16F7-4668-BE54-9A1E7A4F7556}") = "cai", "cai\cai.csproj", "{D17FD2D7-9050-4009-9E2B-953CB69CB7FB}"
EndProject
Project("{9A19103F-16F7-4668-BE54-9A1E7A4F7556}") = "cai.Service", "cai.Service\cai.Service.csproj", "{D6E8B522-7043-4433-A710-09D074D80005}"
EndProject
Project("{9A19103F-16F7-4668-BE54-9A1E7A4F7556}") = "cai.Domain", "cai.Domain\cai.Domain.csproj", "{12D4A435-C4A6-43A0-9FD0-C961892B1645}"
EndProject
Project("{FAE04EC0-301F-11D3-BF4B-00C04F79EFBC}") = "cai.Service.Test", "cai.Service.Test\cai.Service.Test.csproj", "{13CB0C49-57C9-4C88-A19C-10CC85B41957}"
EndProject
Global
	GlobalSection(SolutionConfigurationPlatforms) = preSolution
		Debug|Any CPU = Debug|Any CPU
		Release|Any CPU = Release|Any CPU
	EndGlobalSection
	GlobalSection(ProjectConfigurationPlatforms) = postSolution
		{D17FD2D7-9050-4009-9E2B-953CB69CB7FB}.Debug|Any CPU.ActiveCfg = Debug|Any CPU
		{D17FD2D7-9050-4009-9E2B-953CB69CB7FB}.Debug|Any CPU.Build.0 = Debug|Any CPU
		{D17FD2D7-9050-4009-9E2B-953CB69CB7FB}.Release|Any CPU.ActiveCfg = Release|Any CPU
		{D17FD2D7-9050-4009-9E2B-953CB69CB7FB}.Release|Any CPU.Build.0 = Release|Any CPU
		{D6E8B522-7043-4433-A710-09D074D80005}.Debug|Any CPU.ActiveCfg = Debug|Any CPU
		{D6E8B522-7043-4433-A710-09D074D80005}.Debug|Any CPU.Build.0 = Debug|Any CPU
		{D6E8B522-7043-4433-A710-09D074D80005}.Release|Any CPU.ActiveCfg = Release|Any CPU
		{D6E8B522-7043-4433-A710-09D074D80005}.Release|Any CPU.Build.0 = Release|Any CPU
		{12D4A435-C4A6-43A0-9FD0-C961892B1645}.Debug|Any CPU.ActiveCfg = Debug|Any CPU
		{12D4A435-C4A6-43A0-9FD0-C961892B1645}.Debug|Any CPU.Build.0 = Debug|Any CPU
		{12D4A435-C4A6-43A0-9FD0-C961892B1645}.Release|Any CPU.ActiveCfg = Release|Any CPU
		{12D4A435-C4A6-43A0-9FD0-C961892B1645}.Release|Any CPU.Build.0 = Release|Any CPU
		{13CB0C49-57C9-4C88-A19C-10CC85B41957}.Debug|Any CPU.ActiveCfg = Debug|Any CPU
		{13CB0C49-57C9-4C88-A19C-10CC85B41957}.Debug|Any CPU.Build.0 = Debug|Any CPU
		{13CB0C49-57C9-4C88-A19C-10CC85B41957}.Release|Any CPU.ActiveCfg = Release|Any CPU
		{13CB0C49-57C9-4C88-A19C-10CC85B41957}.Release|Any CPU.Build.0 = Release|Any CPU
	EndGlobalSection
	GlobalSection(SolutionProperties) = preSolution
		HideSolutionNode = FALSE
	EndGlobalSection
	GlobalSection(ExtensibilityGlobals) = postSolution
		SolutionGuid = {44F48541-27FC-4B84-AB6A-5B6F9667E087}
	EndGlobalSection
EndGlobal
